// !$*UTF8*$!
{
	archiveVersion = 1;
	classes = {
	};
	objectVersion = 48;
	objects = {

/* Begin PBXBuildFile section */
		4977B4412138DE3A00D4C316 /* UITableViewCellExtension.swift in Sources */ = {isa = PBXBuildFile; fileRef = 4977B4282138DE3A00D4C316 /* UITableViewCellExtension.swift */; };
		4977B4422138DE3A00D4C316 /* UIAlertControllerExtension.swift in Sources */ = {isa = PBXBuildFile; fileRef = 4977B4292138DE3A00D4C316 /* UIAlertControllerExtension.swift */; };
		4977B4432138DE3A00D4C316 /* NSErrorExtension.swift in Sources */ = {isa = PBXBuildFile; fileRef = 4977B42A2138DE3A00D4C316 /* NSErrorExtension.swift */; };
		4977B4442138DE3A00D4C316 /* UIColorExtension.swift in Sources */ = {isa = PBXBuildFile; fileRef = 4977B42B2138DE3A00D4C316 /* UIColorExtension.swift */; };
		4977B4452138DE3A00D4C316 /* UIView+Loader.swift in Sources */ = {isa = PBXBuildFile; fileRef = 4977B42C2138DE3A00D4C316 /* UIView+Loader.swift */; };
		4977B4462138DE3A00D4C316 /* CLLocationCoordinate2DExtension.swift in Sources */ = {isa = PBXBuildFile; fileRef = 4977B42D2138DE3A00D4C316 /* CLLocationCoordinate2DExtension.swift */; };
		4977B4472138DE3A00D4C316 /* UITextView+Placeholder.swift in Sources */ = {isa = PBXBuildFile; fileRef = 4977B42E2138DE3A00D4C316 /* UITextView+Placeholder.swift */; };
		4977B4482138DE3A00D4C316 /* UITextField+Done.swift in Sources */ = {isa = PBXBuildFile; fileRef = 4977B42F2138DE3A00D4C316 /* UITextField+Done.swift */; };
		4977B4492138DE3A00D4C316 /* CopyableLabel.swift in Sources */ = {isa = PBXBuildFile; fileRef = 4977B4302138DE3A00D4C316 /* CopyableLabel.swift */; };
		4977B44A2138DE3A00D4C316 /* UITextFieldExtension.swift in Sources */ = {isa = PBXBuildFile; fileRef = 4977B4312138DE3A00D4C316 /* UITextFieldExtension.swift */; };
		4977B44B2138DE3A00D4C316 /* UILabelExtension.swift in Sources */ = {isa = PBXBuildFile; fileRef = 4977B4322138DE3A00D4C316 /* UILabelExtension.swift */; };
		4977B44C2138DE3A00D4C316 /* UIApplicationExtension.swift in Sources */ = {isa = PBXBuildFile; fileRef = 4977B4332138DE3A00D4C316 /* UIApplicationExtension.swift */; };
		4977B44D2138DE3A00D4C316 /* UIViewController+Keyboard.swift in Sources */ = {isa = PBXBuildFile; fileRef = 4977B4342138DE3A00D4C316 /* UIViewController+Keyboard.swift */; };
		4977B44E2138DE3A00D4C316 /* UIViewControllerExtension.swift in Sources */ = {isa = PBXBuildFile; fileRef = 4977B4352138DE3A00D4C316 /* UIViewControllerExtension.swift */; };
		4977B44F2138DE3A00D4C316 /* UIView+Frame.swift in Sources */ = {isa = PBXBuildFile; fileRef = 4977B4362138DE3A00D4C316 /* UIView+Frame.swift */; };
		4977B4502138DE3A00D4C316 /* UIViewExtension.swift in Sources */ = {isa = PBXBuildFile; fileRef = 4977B4372138DE3A00D4C316 /* UIViewExtension.swift */; };
		4977B4512138DE3A00D4C316 /* String+Validations.swift in Sources */ = {isa = PBXBuildFile; fileRef = 4977B4382138DE3A00D4C316 /* String+Validations.swift */; };
		4977B4522138DE3A00D4C316 /* UIFontExtension.swift in Sources */ = {isa = PBXBuildFile; fileRef = 4977B4392138DE3A00D4C316 /* UIFontExtension.swift */; };
		4977B4532138DE3A00D4C316 /* CLPlacemark+Extension.swift in Sources */ = {isa = PBXBuildFile; fileRef = 4977B43A2138DE3A00D4C316 /* CLPlacemark+Extension.swift */; };
		4977B4542138DE3A00D4C316 /* StringExtension.swift in Sources */ = {isa = PBXBuildFile; fileRef = 4977B43B2138DE3A00D4C316 /* StringExtension.swift */; };
		4977B4552138DE3A00D4C316 /* UIImageExtension.swift in Sources */ = {isa = PBXBuildFile; fileRef = 4977B43C2138DE3A00D4C316 /* UIImageExtension.swift */; };
		4977B4562138DE3A00D4C316 /* String+Hash.swift in Sources */ = {isa = PBXBuildFile; fileRef = 4977B43D2138DE3A00D4C316 /* String+Hash.swift */; };
		4977B4572138DE3A00D4C316 /* UITextView+Done.swift in Sources */ = {isa = PBXBuildFile; fileRef = 4977B43E2138DE3A00D4C316 /* UITextView+Done.swift */; };
		4977B4582138DE3A00D4C316 /* Alamofire-SwiftyJSON.swift in Sources */ = {isa = PBXBuildFile; fileRef = 4977B43F2138DE3A00D4C316 /* Alamofire-SwiftyJSON.swift */; };
		4977B4592138DE3A00D4C316 /* DateExtension.swift in Sources */ = {isa = PBXBuildFile; fileRef = 4977B4402138DE3A00D4C316 /* DateExtension.swift */; };
		4977B45B2138DE4200D4C316 /* Coordinate.swift in Sources */ = {isa = PBXBuildFile; fileRef = 4977B45A2138DE4200D4C316 /* Coordinate.swift */; };
		D002AEE01FDA57F700D67F7C /* AppDelegate.swift in Sources */ = {isa = PBXBuildFile; fileRef = D002AEDF1FDA57F700D67F7C /* AppDelegate.swift */; };
		D002AEE21FDA57F700D67F7C /* ViewController.swift in Sources */ = {isa = PBXBuildFile; fileRef = D002AEE11FDA57F700D67F7C /* ViewController.swift */; };
		D002AEE51FDA57F700D67F7C /* Main.storyboard in Resources */ = {isa = PBXBuildFile; fileRef = D002AEE31FDA57F700D67F7C /* Main.storyboard */; };
		D002AEE71FDA57F700D67F7C /* Assets.xcassets in Resources */ = {isa = PBXBuildFile; fileRef = D002AEE61FDA57F700D67F7C /* Assets.xcassets */; };
		D002AEEA1FDA57F700D67F7C /* LaunchScreen.storyboard in Resources */ = {isa = PBXBuildFile; fileRef = D002AEE81FDA57F700D67F7C /* LaunchScreen.storyboard */; };
		D002AEF21FDA580600D67F7C /* DataStorage.swift in Sources */ = {isa = PBXBuildFile; fileRef = D002AEF11FDA580600D67F7C /* DataStorage.swift */; };
/* End PBXBuildFile section */

/* Begin PBXFileReference section */
		4977B4282138DE3A00D4C316 /* UITableViewCellExtension.swift */ = {isa = PBXFileReference; fileEncoding = 4; lastKnownFileType = sourcecode.swift; path = UITableViewCellExtension.swift; sourceTree = "<group>"; };
		4977B4292138DE3A00D4C316 /* UIAlertControllerExtension.swift */ = {isa = PBXFileReference; fileEncoding = 4; lastKnownFileType = sourcecode.swift; path = UIAlertControllerExtension.swift; sourceTree = "<group>"; };
		4977B42A2138DE3A00D4C316 /* NSErrorExtension.swift */ = {isa = PBXFileReference; fileEncoding = 4; lastKnownFileType = sourcecode.swift; path = NSErrorExtension.swift; sourceTree = "<group>"; };
		4977B42B2138DE3A00D4C316 /* UIColorExtension.swift */ = {isa = PBXFileReference; fileEncoding = 4; lastKnownFileType = sourcecode.swift; path = UIColorExtension.swift; sourceTree = "<group>"; };
		4977B42C2138DE3A00D4C316 /* UIView+Loader.swift */ = {isa = PBXFileReference; fileEncoding = 4; lastKnownFileType = sourcecode.swift; path = "UIView+Loader.swift"; sourceTree = "<group>"; };
		4977B42D2138DE3A00D4C316 /* CLLocationCoordinate2DExtension.swift */ = {isa = PBXFileReference; fileEncoding = 4; lastKnownFileType = sourcecode.swift; path = CLLocationCoordinate2DExtension.swift; sourceTree = "<group>"; };
		4977B42E2138DE3A00D4C316 /* UITextView+Placeholder.swift */ = {isa = PBXFileReference; fileEncoding = 4; lastKnownFileType = sourcecode.swift; path = "UITextView+Placeholder.swift"; sourceTree = "<group>"; };
		4977B42F2138DE3A00D4C316 /* UITextField+Done.swift */ = {isa = PBXFileReference; fileEncoding = 4; lastKnownFileType = sourcecode.swift; path = "UITextField+Done.swift"; sourceTree = "<group>"; };
		4977B4302138DE3A00D4C316 /* CopyableLabel.swift */ = {isa = PBXFileReference; fileEncoding = 4; lastKnownFileType = sourcecode.swift; path = CopyableLabel.swift; sourceTree = "<group>"; };
		4977B4312138DE3A00D4C316 /* UITextFieldExtension.swift */ = {isa = PBXFileReference; fileEncoding = 4; lastKnownFileType = sourcecode.swift; path = UITextFieldExtension.swift; sourceTree = "<group>"; };
		4977B4322138DE3A00D4C316 /* UILabelExtension.swift */ = {isa = PBXFileReference; fileEncoding = 4; lastKnownFileType = sourcecode.swift; path = UILabelExtension.swift; sourceTree = "<group>"; };
		4977B4332138DE3A00D4C316 /* UIApplicationExtension.swift */ = {isa = PBXFileReference; fileEncoding = 4; lastKnownFileType = sourcecode.swift; path = UIApplicationExtension.swift; sourceTree = "<group>"; };
		4977B4342138DE3A00D4C316 /* UIViewController+Keyboard.swift */ = {isa = PBXFileReference; fileEncoding = 4; lastKnownFileType = sourcecode.swift; path = "UIViewController+Keyboard.swift"; sourceTree = "<group>"; };
		4977B4352138DE3A00D4C316 /* UIViewControllerExtension.swift */ = {isa = PBXFileReference; fileEncoding = 4; lastKnownFileType = sourcecode.swift; path = UIViewControllerExtension.swift; sourceTree = "<group>"; };
		4977B4362138DE3A00D4C316 /* UIView+Frame.swift */ = {isa = PBXFileReference; fileEncoding = 4; lastKnownFileType = sourcecode.swift; path = "UIView+Frame.swift"; sourceTree = "<group>"; };
		4977B4372138DE3A00D4C316 /* UIViewExtension.swift */ = {isa = PBXFileReference; fileEncoding = 4; lastKnownFileType = sourcecode.swift; path = UIViewExtension.swift; sourceTree = "<group>"; };
		4977B4382138DE3A00D4C316 /* String+Validations.swift */ = {isa = PBXFileReference; fileEncoding = 4; lastKnownFileType = sourcecode.swift; path = "String+Validations.swift"; sourceTree = "<group>"; };
		4977B4392138DE3A00D4C316 /* UIFontExtension.swift */ = {isa = PBXFileReference; fileEncoding = 4; lastKnownFileType = sourcecode.swift; path = UIFontExtension.swift; sourceTree = "<group>"; };
		4977B43A2138DE3A00D4C316 /* CLPlacemark+Extension.swift */ = {isa = PBXFileReference; fileEncoding = 4; lastKnownFileType = sourcecode.swift; path = "CLPlacemark+Extension.swift"; sourceTree = "<group>"; };
		4977B43B2138DE3A00D4C316 /* StringExtension.swift */ = {isa = PBXFileReference; fileEncoding = 4; lastKnownFileType = sourcecode.swift; path = StringExtension.swift; sourceTree = "<group>"; };
		4977B43C2138DE3A00D4C316 /* UIImageExtension.swift */ = {isa = PBXFileReference; fileEncoding = 4; lastKnownFileType = sourcecode.swift; path = UIImageExtension.swift; sourceTree = "<group>"; };
		4977B43D2138DE3A00D4C316 /* String+Hash.swift */ = {isa = PBXFileReference; fileEncoding = 4; lastKnownFileType = sourcecode.swift; path = "String+Hash.swift"; sourceTree = "<group>"; };
		4977B43E2138DE3A00D4C316 /* UITextView+Done.swift */ = {isa = PBXFileReference; fileEncoding = 4; lastKnownFileType = sourcecode.swift; path = "UITextView+Done.swift"; sourceTree = "<group>"; };
		4977B43F2138DE3A00D4C316 /* Alamofire-SwiftyJSON.swift */ = {isa = PBXFileReference; fileEncoding = 4; lastKnownFileType = sourcecode.swift; path = "Alamofire-SwiftyJSON.swift"; sourceTree = "<group>"; };
		4977B4402138DE3A00D4C316 /* DateExtension.swift */ = {isa = PBXFileReference; fileEncoding = 4; lastKnownFileType = sourcecode.swift; path = DateExtension.swift; sourceTree = "<group>"; };
		4977B45A2138DE4200D4C316 /* Coordinate.swift */ = {isa = PBXFileReference; fileEncoding = 4; lastKnownFileType = sourcecode.swift; path = Coordinate.swift; sourceTree = "<group>"; };
		D002AEDC1FDA57F700D67F7C /* Helpers.app */ = {isa = PBXFileReference; explicitFileType = wrapper.application; includeInIndex = 0; path = Helpers.app; sourceTree = BUILT_PRODUCTS_DIR; };
		D002AEDF1FDA57F700D67F7C /* AppDelegate.swift */ = {isa = PBXFileReference; lastKnownFileType = sourcecode.swift; path = AppDelegate.swift; sourceTree = "<group>"; };
		D002AEE11FDA57F700D67F7C /* ViewController.swift */ = {isa = PBXFileReference; lastKnownFileType = sourcecode.swift; path = ViewController.swift; sourceTree = "<group>"; };
		D002AEE41FDA57F700D67F7C /* Base */ = {isa = PBXFileReference; lastKnownFileType = file.storyboard; name = Base; path = Base.lproj/Main.storyboard; sourceTree = "<group>"; };
		D002AEE61FDA57F700D67F7C /* Assets.xcassets */ = {isa = PBXFileReference; lastKnownFileType = folder.assetcatalog; path = Assets.xcassets; sourceTree = "<group>"; };
		D002AEE91FDA57F700D67F7C /* Base */ = {isa = PBXFileReference; lastKnownFileType = file.storyboard; name = Base; path = Base.lproj/LaunchScreen.storyboard; sourceTree = "<group>"; };
		D002AEEB1FDA57F700D67F7C /* Info.plist */ = {isa = PBXFileReference; lastKnownFileType = text.plist.xml; path = Info.plist; sourceTree = "<group>"; };
		D002AEF11FDA580600D67F7C /* DataStorage.swift */ = {isa = PBXFileReference; fileEncoding = 4; lastKnownFileType = sourcecode.swift; path = DataStorage.swift; sourceTree = "<group>"; };
/* End PBXFileReference section */

/* Begin PBXFrameworksBuildPhase section */
		D002AED91FDA57F700D67F7C /* Frameworks */ = {
			isa = PBXFrameworksBuildPhase;
			buildActionMask = 2147483647;
			files = (
			);
			runOnlyForDeploymentPostprocessing = 0;
		};
/* End PBXFrameworksBuildPhase section */

/* Begin PBXGroup section */
		4977B4262138DE3A00D4C316 /* Extensions */ = {
			isa = PBXGroup;
			children = (
				4977B4272138DE3A00D4C316 /* Language */,
			);
			path = Extensions;
			sourceTree = "<group>";
		};
		4977B4272138DE3A00D4C316 /* Language */ = {
			isa = PBXGroup;
			children = (
				4977B4282138DE3A00D4C316 /* UITableViewCellExtension.swift */,
				4977B4292138DE3A00D4C316 /* UIAlertControllerExtension.swift */,
				4977B42A2138DE3A00D4C316 /* NSErrorExtension.swift */,
				4977B42B2138DE3A00D4C316 /* UIColorExtension.swift */,
				4977B42C2138DE3A00D4C316 /* UIView+Loader.swift */,
				4977B42D2138DE3A00D4C316 /* CLLocationCoordinate2DExtension.swift */,
				4977B42E2138DE3A00D4C316 /* UITextView+Placeholder.swift */,
				4977B42F2138DE3A00D4C316 /* UITextField+Done.swift */,
				4977B4302138DE3A00D4C316 /* CopyableLabel.swift */,
				4977B4312138DE3A00D4C316 /* UITextFieldExtension.swift */,
				4977B4322138DE3A00D4C316 /* UILabelExtension.swift */,
				4977B4332138DE3A00D4C316 /* UIApplicationExtension.swift */,
				4977B4342138DE3A00D4C316 /* UIViewController+Keyboard.swift */,
				4977B4352138DE3A00D4C316 /* UIViewControllerExtension.swift */,
				4977B4362138DE3A00D4C316 /* UIView+Frame.swift */,
				4977B4372138DE3A00D4C316 /* UIViewExtension.swift */,
				4977B4382138DE3A00D4C316 /* String+Validations.swift */,
				4977B4392138DE3A00D4C316 /* UIFontExtension.swift */,
				4977B43A2138DE3A00D4C316 /* CLPlacemark+Extension.swift */,
				4977B43B2138DE3A00D4C316 /* StringExtension.swift */,
				4977B43C2138DE3A00D4C316 /* UIImageExtension.swift */,
				4977B43D2138DE3A00D4C316 /* String+Hash.swift */,
				4977B43E2138DE3A00D4C316 /* UITextView+Done.swift */,
				4977B43F2138DE3A00D4C316 /* Alamofire-SwiftyJSON.swift */,
				4977B4402138DE3A00D4C316 /* DateExtension.swift */,
			);
			path = Language;
			sourceTree = "<group>";
		};
		D002AED31FDA57F700D67F7C = {
			isa = PBXGroup;
			children = (
				D002AEDE1FDA57F700D67F7C /* Helpers */,
				D002AEDD1FDA57F700D67F7C /* Products */,
			);
			sourceTree = "<group>";
		};
		D002AEDD1FDA57F700D67F7C /* Products */ = {
			isa = PBXGroup;
			children = (
				D002AEDC1FDA57F700D67F7C /* Helpers.app */,
			);
			name = Products;
			sourceTree = "<group>";
		};
		D002AEDE1FDA57F700D67F7C /* Helpers */ = {
			isa = PBXGroup;
			children = (
				4977B4262138DE3A00D4C316 /* Extensions */,
				D002AEDF1FDA57F700D67F7C /* AppDelegate.swift */,
				4977B45A2138DE4200D4C316 /* Coordinate.swift */,
				D002AEF11FDA580600D67F7C /* DataStorage.swift */,
				D002AEE11FDA57F700D67F7C /* ViewController.swift */,
				D002AEE31FDA57F700D67F7C /* Main.storyboard */,
				D002AEE61FDA57F700D67F7C /* Assets.xcassets */,
				D002AEE81FDA57F700D67F7C /* LaunchScreen.storyboard */,
				D002AEEB1FDA57F700D67F7C /* Info.plist */,
			);
			path = Helpers;
			sourceTree = "<group>";
		};
/* End PBXGroup section */

/* Begin PBXNativeTarget section */
		D002AEDB1FDA57F700D67F7C /* Helpers */ = {
			isa = PBXNativeTarget;
			buildConfigurationList = D002AEEE1FDA57F700D67F7C /* Build configuration list for PBXNativeTarget "Helpers" */;
			buildPhases = (
				D002AED81FDA57F700D67F7C /* Sources */,
				D002AED91FDA57F700D67F7C /* Frameworks */,
				D002AEDA1FDA57F700D67F7C /* Resources */,
			);
			buildRules = (
			);
			dependencies = (
			);
			name = Helpers;
			productName = Helpers;
			productReference = D002AEDC1FDA57F700D67F7C /* Helpers.app */;
			productType = "com.apple.product-type.application";
		};
/* End PBXNativeTarget section */

/* Begin PBXProject section */
		D002AED41FDA57F700D67F7C /* Project object */ = {
			isa = PBXProject;
			attributes = {
				LastSwiftUpdateCheck = 0920;
				LastUpgradeCheck = 0920;
				ORGANIZATIONNAME = "Sergio Cirasa";
				TargetAttributes = {
					D002AEDB1FDA57F700D67F7C = {
						CreatedOnToolsVersion = 9.2;
						ProvisioningStyle = Automatic;
					};
				};
			};
			buildConfigurationList = D002AED71FDA57F700D67F7C /* Build configuration list for PBXProject "Helpers" */;
			compatibilityVersion = "Xcode 8.0";
			developmentRegion = en;
			hasScannedForEncodings = 0;
			knownRegions = (
				en,
				Base,
			);
			mainGroup = D002AED31FDA57F700D67F7C;
			productRefGroup = D002AEDD1FDA57F700D67F7C /* Products */;
			projectDirPath = "";
			projectRoot = "";
			targets = (
				D002AEDB1FDA57F700D67F7C /* Helpers */,
			);
		};
/* End PBXProject section */

/* Begin PBXResourcesBuildPhase section */
		D002AEDA1FDA57F700D67F7C /* Resources */ = {
			isa = PBXResourcesBuildPhase;
			buildActionMask = 2147483647;
			files = (
				D002AEEA1FDA57F700D67F7C /* LaunchScreen.storyboard in Resources */,
				D002AEE71FDA57F700D67F7C /* Assets.xcassets in Resources */,
				D002AEE51FDA57F700D67F7C /* Main.storyboard in Resources */,
			);
			runOnlyForDeploymentPostprocessing = 0;
		};
/* End PBXResourcesBuildPhase section */

/* Begin PBXSourcesBuildPhase section */
		D002AED81FDA57F700D67F7C /* Sources */ = {
			isa = PBXSourcesBuildPhase;
			buildActionMask = 2147483647;
			files = (
				D002AEF21FDA580600D67F7C /* DataStorage.swift in Sources */,
				4977B4592138DE3A00D4C316 /* DateExtension.swift in Sources */,
				4977B45B2138DE4200D4C316 /* Coordinate.swift in Sources */,
				4977B4452138DE3A00D4C316 /* UIView+Loader.swift in Sources */,
				4977B4482138DE3A00D4C316 /* UITextField+Done.swift in Sources */,
				4977B44D2138DE3A00D4C316 /* UIViewController+Keyboard.swift in Sources */,
				4977B44E2138DE3A00D4C316 /* UIViewControllerExtension.swift in Sources */,
				4977B4442138DE3A00D4C316 /* UIColorExtension.swift in Sources */,
				4977B44B2138DE3A00D4C316 /* UILabelExtension.swift in Sources */,
				4977B4472138DE3A00D4C316 /* UITextView+Placeholder.swift in Sources */,
				4977B4492138DE3A00D4C316 /* CopyableLabel.swift in Sources */,
				D002AEE21FDA57F700D67F7C /* ViewController.swift in Sources */,
				4977B4582138DE3A00D4C316 /* Alamofire-SwiftyJSON.swift in Sources */,
				4977B4522138DE3A00D4C316 /* UIFontExtension.swift in Sources */,
				4977B44A2138DE3A00D4C316 /* UITextFieldExtension.swift in Sources */,
				4977B4512138DE3A00D4C316 /* String+Validations.swift in Sources */,
				4977B4462138DE3A00D4C316 /* CLLocationCoordinate2DExtension.swift in Sources */,
				D002AEE01FDA57F700D67F7C /* AppDelegate.swift in Sources */,
				4977B4502138DE3A00D4C316 /* UIViewExtension.swift in Sources */,
				4977B4412138DE3A00D4C316 /* UITableViewCellExtension.swift in Sources */,
				4977B44F2138DE3A00D4C316 /* UIView+Frame.swift in Sources */,
				4977B44C2138DE3A00D4C316 /* UIApplicationExtension.swift in Sources */,
				4977B4572138DE3A00D4C316 /* UITextView+Done.swift in Sources */,
				4977B4532138DE3A00D4C316 /* CLPlacemark+Extension.swift in Sources */,
				4977B4562138DE3A00D4C316 /* String+Hash.swift in Sources */,
				4977B4422138DE3A00D4C316 /* UIAlertControllerExtension.swift in Sources */,
				4977B4542138DE3A00D4C316 /* StringExtension.swift in Sources */,
				4977B4432138DE3A00D4C316 /* NSErrorExtension.swift in Sources */,
				4977B4552138DE3A00D4C316 /* UIImageExtension.swift in Sources */,
			);
			runOnlyForDeploymentPostprocessing = 0;
		};
/* End PBXSourcesBuildPhase section */

/* Begin PBXVariantGroup section */
		D002AEE31FDA57F700D67F7C /* Main.storyboard */ = {
			isa = PBXVariantGroup;
			children = (
				D002AEE41FDA57F700D67F7C /* Base */,
			);
			name = Main.storyboard;
			sourceTree = "<group>";
		};
		D002AEE81FDA57F700D67F7C /* LaunchScreen.storyboard */ = {
			isa = PBXVariantGroup;
			children = (
				D002AEE91FDA57F700D67F7C /* Base */,
			);
			name = LaunchScreen.storyboard;
			sourceTree = "<group>";
		};
/* End PBXVariantGroup section */

/* Begin XCBuildConfiguration section */
		D002AEEC1FDA57F700D67F7C /* Debug */ = {
			isa = XCBuildConfiguration;
			buildSettings = {
				ALWAYS_SEARCH_USER_PATHS = NO;
				CLANG_ANALYZER_NONNULL = YES;
				CLANG_ANALYZER_NUMBER_OBJECT_CONVERSION = YES_AGGRESSIVE;
				CLANG_CXX_LANGUAGE_STANDARD = "gnu++14";
				CLANG_CXX_LIBRARY = "libc++";
				CLANG_ENABLE_MODULES = YES;
				CLANG_ENABLE_OBJC_ARC = YES;
				CLANG_WARN_BLOCK_CAPTURE_AUTORELEASING = YES;
				CLANG_WARN_BOOL_CONVERSION = YES;
				CLANG_WARN_COMMA = YES;
				CLANG_WARN_CONSTANT_CONVERSION = YES;
				CLANG_WARN_DIRECT_OBJC_ISA_USAGE = YES_ERROR;
				CLANG_WARN_DOCUMENTATION_COMMENTS = YES;
				CLANG_WARN_EMPTY_BODY = YES;
				CLANG_WARN_ENUM_CONVERSION = YES;
				CLANG_WARN_INFINITE_RECURSION = YES;
				CLANG_WARN_INT_CONVERSION = YES;
				CLANG_WARN_NON_LITERAL_NULL_CONVERSION = YES;
				CLANG_WARN_OBJC_LITERAL_CONVERSION = YES;
				CLANG_WARN_OBJC_ROOT_CLASS = YES_ERROR;
				CLANG_WARN_RANGE_LOOP_ANALYSIS = YES;
				CLANG_WARN_STRICT_PROTOTYPES = YES;
				CLANG_WARN_SUSPICIOUS_MOVE = YES;
				CLANG_WARN_UNGUARDED_AVAILABILITY = YES_AGGRESSIVE;
				CLANG_WARN_UNREACHABLE_CODE = YES;
				CLANG_WARN__DUPLICATE_METHOD_MATCH = YES;
				CODE_SIGN_IDENTITY = "iPhone Developer";
				COPY_PHASE_STRIP = NO;
				DEBUG_INFORMATION_FORMAT = dwarf;
				ENABLE_STRICT_OBJC_MSGSEND = YES;
				ENABLE_TESTABILITY = YES;
				GCC_C_LANGUAGE_STANDARD = gnu11;
				GCC_DYNAMIC_NO_PIC = NO;
				GCC_NO_COMMON_BLOCKS = YES;
				GCC_OPTIMIZATION_LEVEL = 0;
				GCC_PREPROCESSOR_DEFINITIONS = (
					"DEBUG=1",
					"$(inherited)",
				);
				GCC_WARN_64_TO_32_BIT_CONVERSION = YES;
				GCC_WARN_ABOUT_RETURN_TYPE = YES_ERROR;
				GCC_WARN_UNDECLARED_SELECTOR = YES;
				GCC_WARN_UNINITIALIZED_AUTOS = YES_AGGRESSIVE;
				GCC_WARN_UNUSED_FUNCTION = YES;
				GCC_WARN_UNUSED_VARIABLE = YES;
				IPHONEOS_DEPLOYMENT_TARGET = 11.2;
				MTL_ENABLE_DEBUG_INFO = YES;
				ONLY_ACTIVE_ARCH = YES;
				SDKROOT = iphoneos;
				SWIFT_ACTIVE_COMPILATION_CONDITIONS = DEBUG;
				SWIFT_OPTIMIZATION_LEVEL = "-Onone";
			};
			name = Debug;
		};
		D002AEED1FDA57F700D67F7C /* Release */ = {
			isa = XCBuildConfiguration;
			buildSettings = {
				ALWAYS_SEARCH_USER_PATHS = NO;
				CLANG_ANALYZER_NONNULL = YES;
				CLANG_ANALYZER_NUMBER_OBJECT_CONVERSION = YES_AGGRESSIVE;
				CLANG_CXX_LANGUAGE_STANDARD = "gnu++14";
				CLANG_CXX_LIBRARY = "libc++";
				CLANG_ENABLE_MODULES = YES;
				CLANG_ENABLE_OBJC_ARC = YES;
				CLANG_WARN_BLOCK_CAPTURE_AUTORELEASING = YES;
				CLANG_WARN_BOOL_CONVERSION = YES;
				CLANG_WARN_COMMA = YES;
				CLANG_WARN_CONSTANT_CONVERSION = YES;
				CLANG_WARN_DIRECT_OBJC_ISA_USAGE = YES_ERROR;
				CLANG_WARN_DOCUMENTATION_COMMENTS = YES;
				CLANG_WARN_EMPTY_BODY = YES;
				CLANG_WARN_ENUM_CONVERSION = YES;
				CLANG_WARN_INFINITE_RECURSION = YES;
				CLANG_WARN_INT_CONVERSION = YES;
				CLANG_WARN_NON_LITERAL_NULL_CONVERSION = YES;
				CLANG_WARN_OBJC_LITERAL_CONVERSION = YES;
				CLANG_WARN_OBJC_ROOT_CLASS = YES_ERROR;
				CLANG_WARN_RANGE_LOOP_ANALYSIS = YES;
				CLANG_WARN_STRICT_PROTOTYPES = YES;
				CLANG_WARN_SUSPICIOUS_MOVE = YES;
				CLANG_WARN_UNGUARDED_AVAILABILITY = YES_AGGRESSIVE;
				CLANG_WARN_UNREACHABLE_CODE = YES;
				CLANG_WARN__DUPLICATE_METHOD_MATCH = YES;
				CODE_SIGN_IDENTITY = "iPhone Developer";
				COPY_PHASE_STRIP = NO;
				DEBUG_INFORMATION_FORMAT = "dwarf-with-dsym";
				ENABLE_NS_ASSERTIONS = NO;
				ENABLE_STRICT_OBJC_MSGSEND = YES;
				GCC_C_LANGUAGE_STANDARD = gnu11;
				GCC_NO_COMMON_BLOCKS = YES;
				GCC_WARN_64_TO_32_BIT_CONVERSION = YES;
				GCC_WARN_ABOUT_RETURN_TYPE = YES_ERROR;
				GCC_WARN_UNDECLARED_SELECTOR = YES;
				GCC_WARN_UNINITIALIZED_AUTOS = YES_AGGRESSIVE;
				GCC_WARN_UNUSED_FUNCTION = YES;
				GCC_WARN_UNUSED_VARIABLE = YES;
				IPHONEOS_DEPLOYMENT_TARGET = 11.2;
				MTL_ENABLE_DEBUG_INFO = NO;
				SDKROOT = iphoneos;
				SWIFT_OPTIMIZATION_LEVEL = "-Owholemodule";
				VALIDATE_PRODUCT = YES;
			};
			name = Release;
		};
		D002AEEF1FDA57F700D67F7C /* Debug */ = {
			isa = XCBuildConfiguration;
			buildSettings = {
				ASSETCATALOG_COMPILER_APPICON_NAME = AppIcon;
				CODE_SIGN_STYLE = Automatic;
				INFOPLIST_FILE = Helpers/Info.plist;
				LD_RUNPATH_SEARCH_PATHS = "$(inherited) @executable_path/Frameworks";
				PRODUCT_BUNDLE_IDENTIFIER = ar.com.demox.Helpers;
				PRODUCT_NAME = "$(TARGET_NAME)";
				SWIFT_VERSION = 4.0;
				TARGETED_DEVICE_FAMILY = "1,2";
			};
			name = Debug;
		};
		D002AEF01FDA57F700D67F7C /* Release */ = {
			isa = XCBuildConfiguration;
			buildSettings = {
				ASSETCATALOG_COMPILER_APPICON_NAME = AppIcon;
				CODE_SIGN_STYLE = Automatic;
				INFOPLIST_FILE = Helpers/Info.plist;
				LD_RUNPATH_SEARCH_PATHS = "$(inherited) @executable_path/Frameworks";
				PRODUCT_BUNDLE_IDENTIFIER = ar.com.demox.Helpers;
				PRODUCT_NAME = "$(TARGET_NAME)";
				SWIFT_VERSION = 4.0;
				TARGETED_DEVICE_FAMILY = "1,2";
			};
			name = Release;
		};
/* End XCBuildConfiguration section */

/* Begin XCConfigurationList section */
		D002AED71FDA57F700D67F7C /* Build configuration list for PBXProject "Helpers" */ = {
			isa = XCConfigurationList;
			buildConfigurations = (
				D002AEEC1FDA57F700D67F7C /* Debug */,
				D002AEED1FDA57F700D67F7C /* Release */,
			);
			defaultConfigurationIsVisible = 0;
			defaultConfigurationName = Release;
		};
		D002AEEE1FDA57F700D67F7C /* Build configuration list for PBXNativeTarget "Helpers" */ = {
			isa = XCConfigurationList;
			buildConfigurations = (
				D002AEEF1FDA57F700D67F7C /* Debug */,
				D002AEF01FDA57F700D67F7C /* Release */,
			);
			defaultConfigurationIsVisible = 0;
			defaultConfigurationName = Release;
		};
/* End XCConfigurationList section */
	};
	rootObject = D002AED41FDA57F700D67F7C /* Project object */;
}
